# This file is generated by running "yarn install" inside your project.
# Manual changes might be lost - proceed with caution!

__metadata:
  version: 6
  cacheKey: 8

"@agility/content-fetch@npm:2.0.0-rc15":
  version: 2.0.0-rc15
  resolution: "@agility/content-fetch@npm:2.0.0-rc15"
  dependencies:
    axios: ^0.27.2
  checksum: 2abf0a4f15c989ace600b6e38337e435186ce0a5f349384d40573944f5e7a6375601c5e960a8a683444132952e87401102e7b5bf39ed740e8a266a5e450b4294
  languageName: node
  linkType: hard

"@agility/nextjs@workspace:.":
  version: 0.0.0-use.local
  resolution: "@agility/nextjs@workspace:."
  dependencies:
    "@agility/content-fetch": 2.0.0-rc15
    "@types/node": ^18.11.9
    "@types/react": 18.0.25
    "@types/react-dom": ^17.0.2
    next: ^13.0.3
    react: 18.2.0
    ts-loader: ^8.0.18
    typescript: 4.9.3
  peerDependencies:
    "@agility/content-fetch": 2.0.0-rc15
    next: ^13.0.3
  languageName: unknown
  linkType: soft

"@next/env@npm:13.0.3":
  version: 13.0.3
  resolution: "@next/env@npm:13.0.3"
  checksum: ba9cbc710c266db16f299193ac52da7ab344f3df5d9666f7010bed62d35627ba6324da896e5fdb539042787d7dddf613cf2ea499d69a614506afdb5fd4013e32
  languageName: node
  linkType: hard

"@next/swc-android-arm-eabi@npm:13.0.3":
  version: 13.0.3
  resolution: "@next/swc-android-arm-eabi@npm:13.0.3"
  conditions: os=android & cpu=arm
  languageName: node
  linkType: hard

"@next/swc-android-arm64@npm:13.0.3":
  version: 13.0.3
  resolution: "@next/swc-android-arm64@npm:13.0.3"
  conditions: os=android & cpu=arm64
  languageName: node
  linkType: hard

"@next/swc-darwin-arm64@npm:13.0.3":
  version: 13.0.3
  resolution: "@next/swc-darwin-arm64@npm:13.0.3"
  conditions: os=darwin & cpu=arm64
  languageName: node
  linkType: hard

"@next/swc-darwin-x64@npm:13.0.3":
  version: 13.0.3
  resolution: "@next/swc-darwin-x64@npm:13.0.3"
  conditions: os=darwin & cpu=x64
  languageName: node
  linkType: hard

"@next/swc-freebsd-x64@npm:13.0.3":
  version: 13.0.3
  resolution: "@next/swc-freebsd-x64@npm:13.0.3"
  conditions: os=freebsd & cpu=x64
  languageName: node
  linkType: hard

"@next/swc-linux-arm-gnueabihf@npm:13.0.3":
  version: 13.0.3
  resolution: "@next/swc-linux-arm-gnueabihf@npm:13.0.3"
  conditions: os=linux & cpu=arm
  languageName: node
  linkType: hard

"@next/swc-linux-arm64-gnu@npm:13.0.3":
  version: 13.0.3
  resolution: "@next/swc-linux-arm64-gnu@npm:13.0.3"
  conditions: os=linux & cpu=arm64 & libc=glibc
  languageName: node
  linkType: hard

"@next/swc-linux-arm64-musl@npm:13.0.3":
  version: 13.0.3
  resolution: "@next/swc-linux-arm64-musl@npm:13.0.3"
  conditions: os=linux & cpu=arm64 & libc=musl
  languageName: node
  linkType: hard

"@next/swc-linux-x64-gnu@npm:13.0.3":
  version: 13.0.3
  resolution: "@next/swc-linux-x64-gnu@npm:13.0.3"
  conditions: os=linux & cpu=x64 & libc=glibc
  languageName: node
  linkType: hard

"@next/swc-linux-x64-musl@npm:13.0.3":
  version: 13.0.3
  resolution: "@next/swc-linux-x64-musl@npm:13.0.3"
  conditions: os=linux & cpu=x64 & libc=musl
  languageName: node
  linkType: hard

"@next/swc-win32-arm64-msvc@npm:13.0.3":
  version: 13.0.3
  resolution: "@next/swc-win32-arm64-msvc@npm:13.0.3"
  conditions: os=win32 & cpu=arm64
  languageName: node
  linkType: hard

"@next/swc-win32-ia32-msvc@npm:13.0.3":
  version: 13.0.3
  resolution: "@next/swc-win32-ia32-msvc@npm:13.0.3"
  conditions: os=win32 & cpu=ia32
  languageName: node
  linkType: hard

"@next/swc-win32-x64-msvc@npm:13.0.3":
  version: 13.0.3
  resolution: "@next/swc-win32-x64-msvc@npm:13.0.3"
  conditions: os=win32 & cpu=x64
  languageName: node
  linkType: hard

"@swc/helpers@npm:0.4.11":
  version: 0.4.11
  resolution: "@swc/helpers@npm:0.4.11"
  dependencies:
    tslib: ^2.4.0
  checksum: 736857d524b41a8a4db81094e9b027f554004e0fa3e86325d85bdb38f7e6459ce022db079edb6c61ba0f46fe8583b3e663e95f7acbd13e51b8da6c34e45bba2e
  languageName: node
  linkType: hard

"@types/node@npm:^18.11.9":
  version: 18.11.9
  resolution: "@types/node@npm:18.11.9"
  checksum: cc0aae109e9b7adefc32eecb838d6fad931663bb06484b5e9cbbbf74865c721b03d16fd8d74ad90e31dbe093d956a7c2c306ba5429ba0c00f3f7505103d7a496
  languageName: node
  linkType: hard

"@types/prop-types@npm:*":
  version: 15.7.3
  resolution: "@types/prop-types@npm:15.7.3"
  checksum: 41831d53c44c9eeafdaf9762bcb4553c13a3bbf990745ed9065a1cc3581b80633113b53fd49b202bf51731b258da5d0a9aa09c9035d5af7f78b0f6bc273f1325
  languageName: node
  linkType: hard

"@types/react-dom@npm:^17.0.2":
  version: 17.0.2
  resolution: "@types/react-dom@npm:17.0.2"
  dependencies:
    "@types/react": "*"
  checksum: 1725928a1c3a0026044e6401e6b53729e1a88849034fc67138d7784ec44a5132fe2e9056a19b741ccb462ff0ec0d8c2c01ef316bda19be0e31f2ead9346f600b
  languageName: node
  linkType: hard

"@types/react@npm:*":
  version: 17.0.3
  resolution: "@types/react@npm:17.0.3"
  dependencies:
    "@types/prop-types": "*"
    "@types/scheduler": "*"
    csstype: ^3.0.2
  checksum: d29f2a33ed69fae9d9f42f8b39b40352e3209eb821f827d566330adfdffb48d2dc730982356cd50a7fda6171e6bc7deca793f7b105c95fce615a45ab313ecf41
  languageName: node
  linkType: hard

"@types/react@npm:18.0.25":
  version: 18.0.25
  resolution: "@types/react@npm:18.0.25"
  dependencies:
    "@types/prop-types": "*"
    "@types/scheduler": "*"
    csstype: ^3.0.2
  checksum: 231d658c45abdef044a716b4502774f1585d8336d73b2f5bd68f181acbfc874b7a457686ecd29b415b43ed0922c309bab7e2cf96832d188a3f4f1b02f2af760a
  languageName: node
  linkType: hard

"@types/scheduler@npm:*":
  version: 0.16.1
  resolution: "@types/scheduler@npm:0.16.1"
  checksum: 2ff8034df029a6cbb3623b05fa895cac4fc504806a8e948ebe29675a1edfa5ac04faac7611016076b3ffefc2037bbe344ad1978304059b2d4c78e513ec43c7bf
  languageName: node
  linkType: hard

"ansi-styles@npm:^4.1.0":
  version: 4.3.0
  resolution: "ansi-styles@npm:4.3.0"
  dependencies:
    color-convert: ^2.0.1
  checksum: 513b44c3b2105dd14cc42a19271e80f386466c4be574bccf60b627432f9198571ebf4ab1e4c3ba17347658f4ee1711c163d574248c0c1cdc2d5917a0ad582ec4
  languageName: node
  linkType: hard

"asynckit@npm:^0.4.0":
  version: 0.4.0
  resolution: "asynckit@npm:0.4.0"
  checksum: 7b78c451df768adba04e2d02e63e2d0bf3b07adcd6e42b4cf665cb7ce899bedd344c69a1dcbce355b5f972d597b25aaa1c1742b52cffd9caccb22f348114f6be
  languageName: node
  linkType: hard

"axios@npm:^0.27.2":
  version: 0.27.2
  resolution: "axios@npm:0.27.2"
  dependencies:
    follow-redirects: ^1.14.9
    form-data: ^4.0.0
  checksum: 38cb7540465fe8c4102850c4368053c21683af85c5fdf0ea619f9628abbcb59415d1e22ebc8a6390d2bbc9b58a9806c874f139767389c862ec9b772235f06854
  languageName: node
  linkType: hard

"big.js@npm:^5.2.2":
  version: 5.2.2
  resolution: "big.js@npm:5.2.2"
  checksum: b89b6e8419b097a8fb4ed2399a1931a68c612bce3cfd5ca8c214b2d017531191070f990598de2fc6f3f993d91c0f08aa82697717f6b3b8732c9731866d233c9e
  languageName: node
  linkType: hard

"braces@npm:^3.0.1":
  version: 3.0.2
  resolution: "braces@npm:3.0.2"
  dependencies:
    fill-range: ^7.0.1
  checksum: e2a8e769a863f3d4ee887b5fe21f63193a891c68b612ddb4b68d82d1b5f3ff9073af066c343e9867a393fe4c2555dcb33e89b937195feb9c1613d259edfcd459
  languageName: node
  linkType: hard

"caniuse-lite@npm:^1.0.30001406":
  version: 1.0.30001431
  resolution: "caniuse-lite@npm:1.0.30001431"
  checksum: bc8ab55cd194e240152946b54bfaff7456180cc018674fc7ed134f4f502192405f6643f422feaa0a5e7cc02b5bac564cfac7771ac6d29f5d129482fcfe335ba1
  languageName: node
  linkType: hard

"chalk@npm:^4.1.0":
  version: 4.1.0
  resolution: "chalk@npm:4.1.0"
  dependencies:
    ansi-styles: ^4.1.0
    supports-color: ^7.1.0
  checksum: 5561c7b4c063badee3e16d04bce50bd033e1be1bf4c6948639275683ffa7a1993c44639b43c22b1c505f0f813a24b1889037eb182546b48946f9fe7cdd0e7d13
  languageName: node
  linkType: hard

"client-only@npm:0.0.1":
  version: 0.0.1
  resolution: "client-only@npm:0.0.1"
  checksum: 0c16bf660dadb90610553c1d8946a7fdfb81d624adea073b8440b7d795d5b5b08beb3c950c6a2cf16279365a3265158a236876d92bce16423c485c322d7dfaf8
  languageName: node
  linkType: hard

"color-convert@npm:^2.0.1":
  version: 2.0.1
  resolution: "color-convert@npm:2.0.1"
  dependencies:
    color-name: ~1.1.4
  checksum: 79e6bdb9fd479a205c71d89574fccfb22bd9053bd98c6c4d870d65c132e5e904e6034978e55b43d69fcaa7433af2016ee203ce76eeba9cfa554b373e7f7db336
  languageName: node
  linkType: hard

"color-name@npm:~1.1.4":
  version: 1.1.4
  resolution: "color-name@npm:1.1.4"
  checksum: b0445859521eb4021cd0fb0cc1a75cecf67fceecae89b63f62b201cca8d345baf8b952c966862a9d9a2632987d4f6581f0ec8d957dfacece86f0a7919316f610
  languageName: node
  linkType: hard

"combined-stream@npm:^1.0.8":
  version: 1.0.8
  resolution: "combined-stream@npm:1.0.8"
  dependencies:
    delayed-stream: ~1.0.0
  checksum: 49fa4aeb4916567e33ea81d088f6584749fc90c7abec76fd516bf1c5aa5c79f3584b5ba3de6b86d26ddd64bae5329c4c7479343250cfe71c75bb366eae53bb7c
  languageName: node
  linkType: hard

"core-util-is@npm:~1.0.0":
  version: 1.0.2
  resolution: "core-util-is@npm:1.0.2"
  checksum: 7a4c925b497a2c91421e25bf76d6d8190f0b2359a9200dbeed136e63b2931d6294d3b1893eda378883ed363cd950f44a12a401384c609839ea616befb7927dab
  languageName: node
  linkType: hard

"csstype@npm:^3.0.2":
  version: 3.0.7
  resolution: "csstype@npm:3.0.7"
  checksum: 2f30c993be570c6d0de334b979a718370ee9bca9569c90340f13e05e542146c55b22e87372b858c061f9f8ded494da7a4715957882f9356cf9993ba11ab6f09c
  languageName: node
  linkType: hard

"delayed-stream@npm:~1.0.0":
  version: 1.0.0
  resolution: "delayed-stream@npm:1.0.0"
  checksum: 46fe6e83e2cb1d85ba50bd52803c68be9bd953282fa7096f51fc29edd5d67ff84ff753c51966061e5ba7cb5e47ef6d36a91924eddb7f3f3483b1c560f77a0020
  languageName: node
  linkType: hard

"emojis-list@npm:^3.0.0":
  version: 3.0.0
  resolution: "emojis-list@npm:3.0.0"
  checksum: ddaaa02542e1e9436c03970eeed445f4ed29a5337dfba0fe0c38dfdd2af5da2429c2a0821304e8a8d1cadf27fdd5b22ff793571fa803ae16852a6975c65e8e70
  languageName: node
  linkType: hard

"enhanced-resolve@npm:^4.0.0":
  version: 4.5.0
  resolution: "enhanced-resolve@npm:4.5.0"
  dependencies:
    graceful-fs: ^4.1.2
    memory-fs: ^0.5.0
    tapable: ^1.0.0
  checksum: 4d87488584c4d67d356ef4ba04978af4b2d4d18190cb859efac8e8475a34d5d6c069df33faa5a0a22920b0586dbf330f6a08d52bb15a8771a9ce4d70a2da74ba
  languageName: node
  linkType: hard

"errno@npm:^0.1.3":
  version: 0.1.8
  resolution: "errno@npm:0.1.8"
  dependencies:
    prr: ~1.0.1
  bin:
    errno: cli.js
  checksum: 1271f7b9fbb3bcbec76ffde932485d1e3561856d21d847ec613a9722ee924cdd4e523a62dc71a44174d91e898fe21fdc8d5b50823f4b5e0ce8c35c8271e6ef4a
  languageName: node
  linkType: hard

"fill-range@npm:^7.0.1":
  version: 7.0.1
  resolution: "fill-range@npm:7.0.1"
  dependencies:
    to-regex-range: ^5.0.1
  checksum: cc283f4e65b504259e64fd969bcf4def4eb08d85565e906b7d36516e87819db52029a76b6363d0f02d0d532f0033c9603b9e2d943d56ee3b0d4f7ad3328ff917
  languageName: node
  linkType: hard

"follow-redirects@npm:^1.14.9":
  version: 1.15.2
  resolution: "follow-redirects@npm:1.15.2"
  peerDependenciesMeta:
    debug:
      optional: true
  checksum: faa66059b66358ba65c234c2f2a37fcec029dc22775f35d9ad6abac56003268baf41e55f9ee645957b32c7d9f62baf1f0b906e68267276f54ec4b4c597c2b190
  languageName: node
  linkType: hard

"form-data@npm:^4.0.0":
  version: 4.0.0
  resolution: "form-data@npm:4.0.0"
  dependencies:
    asynckit: ^0.4.0
    combined-stream: ^1.0.8
    mime-types: ^2.1.12
  checksum: 01135bf8675f9d5c61ff18e2e2932f719ca4de964e3be90ef4c36aacfc7b9cb2fceb5eca0b7e0190e3383fe51c5b37f4cb80b62ca06a99aaabfcfd6ac7c9328c
  languageName: node
  linkType: hard

"graceful-fs@npm:^4.1.2":
  version: 4.2.6
  resolution: "graceful-fs@npm:4.2.6"
  checksum: 792e64aafda05a151289f83eaa16aff34ef259658cefd65393883d959409f5a2389b0ec9ebf28f3d21f1b0ddc8f594a1162ae9b18e2b507a6799a70706ec573d
  languageName: node
  linkType: hard

"has-flag@npm:^4.0.0":
  version: 4.0.0
  resolution: "has-flag@npm:4.0.0"
  checksum: 261a1357037ead75e338156b1f9452c016a37dcd3283a972a30d9e4a87441ba372c8b81f818cd0fbcd9c0354b4ae7e18b9e1afa1971164aef6d18c2b6095a8ad
  languageName: node
  linkType: hard

"inherits@npm:~2.0.3":
  version: 2.0.4
  resolution: "inherits@npm:2.0.4"
  checksum: 4a48a733847879d6cf6691860a6b1e3f0f4754176e4d71494c41f3475553768b10f84b5ce1d40fbd0e34e6bfbb864ee35858ad4dd2cf31e02fc4a154b724d7f1
  languageName: node
  linkType: hard

"is-number@npm:^7.0.0":
  version: 7.0.0
  resolution: "is-number@npm:7.0.0"
  checksum: 456ac6f8e0f3111ed34668a624e45315201dff921e5ac181f8ec24923b99e9f32ca1a194912dc79d539c97d33dba17dc635202ff0b2cf98326f608323276d27a
  languageName: node
  linkType: hard

"isarray@npm:~1.0.0":
  version: 1.0.0
  resolution: "isarray@npm:1.0.0"
  checksum: f032df8e02dce8ec565cf2eb605ea939bdccea528dbcf565cdf92bfa2da9110461159d86a537388ef1acef8815a330642d7885b29010e8f7eac967c9993b65ab
  languageName: node
  linkType: hard

"js-tokens@npm:^3.0.0 || ^4.0.0":
  version: 4.0.0
  resolution: "js-tokens@npm:4.0.0"
  checksum: 8a95213a5a77deb6cbe94d86340e8d9ace2b93bc367790b260101d2f36a2eaf4e4e22d9fa9cf459b38af3a32fb4190e638024cf82ec95ef708680e405ea7cc78
  languageName: node
  linkType: hard

"json5@npm:^2.1.2":
  version: 2.2.0
  resolution: "json5@npm:2.2.0"
  dependencies:
    minimist: ^1.2.5
  bin:
    json5: lib/cli.js
  checksum: e88fc5274bb58fc99547baa777886b069d2dd96d9cfc4490b305fd16d711dabd5979e35a4f90873cefbeb552e216b041a304fe56702bedba76e19bc7845f208d
  languageName: node
  linkType: hard

"loader-utils@npm:^2.0.0":
  version: 2.0.0
  resolution: "loader-utils@npm:2.0.0"
  dependencies:
    big.js: ^5.2.2
    emojis-list: ^3.0.0
    json5: ^2.1.2
  checksum: 6856423131b50b6f5f259da36f498cfd7fc3c3f8bb17777cf87fdd9159e797d4ba4288d9a96415fd8da62c2906960e88f74711dee72d03a9003bddcd0d364a51
  languageName: node
  linkType: hard

"loose-envify@npm:^1.1.0":
  version: 1.4.0
  resolution: "loose-envify@npm:1.4.0"
  dependencies:
    js-tokens: ^3.0.0 || ^4.0.0
  bin:
    loose-envify: cli.js
  checksum: 6517e24e0cad87ec9888f500c5b5947032cdfe6ef65e1c1936a0c48a524b81e65542c9c3edc91c97d5bddc806ee2a985dbc79be89215d613b1de5db6d1cfe6f4
  languageName: node
  linkType: hard

"lru-cache@npm:^6.0.0":
  version: 6.0.0
  resolution: "lru-cache@npm:6.0.0"
  dependencies:
    yallist: ^4.0.0
  checksum: f97f499f898f23e4585742138a22f22526254fdba6d75d41a1c2526b3b6cc5747ef59c5612ba7375f42aca4f8461950e925ba08c991ead0651b4918b7c978297
  languageName: node
  linkType: hard

"memory-fs@npm:^0.5.0":
  version: 0.5.0
  resolution: "memory-fs@npm:0.5.0"
  dependencies:
    errno: ^0.1.3
    readable-stream: ^2.0.1
  checksum: a9f25b0a8ecfb7324277393f19ef68e6ba53b9e6e4b526bbf2ba23055c5440fbf61acc7bf66bfd980e9eb4951a4790f6f777a9a3abd36603f22c87e8a64d3d6b
  languageName: node
  linkType: hard

"micromatch@npm:^4.0.0":
  version: 4.0.2
  resolution: "micromatch@npm:4.0.2"
  dependencies:
    braces: ^3.0.1
    picomatch: ^2.0.5
  checksum: 39590a96d9ffad21f0afac044d0a5af4f33715a16fdd82c53a01c8f5ff6f70832a31b53e52972dac3deff8bf9f0bed0207d1c34e54ab3306a5e4c4efd5f7d249
  languageName: node
  linkType: hard

"mime-db@npm:1.52.0":
  version: 1.52.0
  resolution: "mime-db@npm:1.52.0"
  checksum: 0d99a03585f8b39d68182803b12ac601d9c01abfa28ec56204fa330bc9f3d1c5e14beb049bafadb3dbdf646dfb94b87e24d4ec7b31b7279ef906a8ea9b6a513f
  languageName: node
  linkType: hard

"mime-types@npm:^2.1.12":
  version: 2.1.35
  resolution: "mime-types@npm:2.1.35"
  dependencies:
    mime-db: 1.52.0
  checksum: 89a5b7f1def9f3af5dad6496c5ed50191ae4331cc5389d7c521c8ad28d5fdad2d06fd81baf38fed813dc4e46bb55c8145bb0ff406330818c9cf712fb2e9b3836
  languageName: node
  linkType: hard

"minimist@npm:^1.2.5":
  version: 1.2.5
  resolution: "minimist@npm:1.2.5"
  checksum: 86706ce5b36c16bfc35c5fe3dbb01d5acdc9a22f2b6cc810b6680656a1d2c0e44a0159c9a3ba51fb072bb5c203e49e10b51dcd0eec39c481f4c42086719bae52
  languageName: node
  linkType: hard

"nanoid@npm:^3.3.4":
  version: 3.3.4
  resolution: "nanoid@npm:3.3.4"
  bin:
    nanoid: bin/nanoid.cjs
  checksum: 2fddd6dee994b7676f008d3ffa4ab16035a754f4bb586c61df5a22cf8c8c94017aadd360368f47d653829e0569a92b129979152ff97af23a558331e47e37cd9c
  languageName: node
  linkType: hard

"next@npm:^13.0.3":
  version: 13.0.3
  resolution: "next@npm:13.0.3"
  dependencies:
    "@next/env": 13.0.3
    "@next/swc-android-arm-eabi": 13.0.3
    "@next/swc-android-arm64": 13.0.3
    "@next/swc-darwin-arm64": 13.0.3
    "@next/swc-darwin-x64": 13.0.3
    "@next/swc-freebsd-x64": 13.0.3
    "@next/swc-linux-arm-gnueabihf": 13.0.3
    "@next/swc-linux-arm64-gnu": 13.0.3
    "@next/swc-linux-arm64-musl": 13.0.3
    "@next/swc-linux-x64-gnu": 13.0.3
    "@next/swc-linux-x64-musl": 13.0.3
    "@next/swc-win32-arm64-msvc": 13.0.3
    "@next/swc-win32-ia32-msvc": 13.0.3
    "@next/swc-win32-x64-msvc": 13.0.3
    "@swc/helpers": 0.4.11
    caniuse-lite: ^1.0.30001406
    postcss: 8.4.14
    styled-jsx: 5.1.0
    use-sync-external-store: 1.2.0
  peerDependencies:
    fibers: ">= 3.1.0"
    node-sass: ^6.0.0 || ^7.0.0
    react: ^18.2.0
    react-dom: ^18.2.0
    sass: ^1.3.0
  dependenciesMeta:
    "@next/swc-android-arm-eabi":
      optional: true
    "@next/swc-android-arm64":
      optional: true
    "@next/swc-darwin-arm64":
      optional: true
    "@next/swc-darwin-x64":
      optional: true
    "@next/swc-freebsd-x64":
      optional: true
    "@next/swc-linux-arm-gnueabihf":
      optional: true
    "@next/swc-linux-arm64-gnu":
      optional: true
    "@next/swc-linux-arm64-musl":
      optional: true
    "@next/swc-linux-x64-gnu":
      optional: true
    "@next/swc-linux-x64-musl":
      optional: true
    "@next/swc-win32-arm64-msvc":
      optional: true
    "@next/swc-win32-ia32-msvc":
      optional: true
    "@next/swc-win32-x64-msvc":
      optional: true
  peerDependenciesMeta:
    fibers:
      optional: true
    node-sass:
      optional: true
    sass:
      optional: true
  bin:
    next: dist/bin/next
  checksum: f1f6e8a574476fc5f897681756497dd3c4f7ac7d304eafa6f45f549e60af4856eee022e6fabb9a1683a79100d19827a19abc0c25f212540f1e59597deae1c52e
  languageName: node
  linkType: hard

"picocolors@npm:^1.0.0":
  version: 1.0.0
  resolution: "picocolors@npm:1.0.0"
  checksum: a2e8092dd86c8396bdba9f2b5481032848525b3dc295ce9b57896f931e63fc16f79805144321f72976383fc249584672a75cc18d6777c6b757603f372f745981
  languageName: node
  linkType: hard

"picomatch@npm:^2.0.5":
  version: 2.2.2
  resolution: "picomatch@npm:2.2.2"
  checksum: 897a589f94665b4fd93e075fa94893936afe3f7bbef44250f0e878a8d9d001972a79589cac2856c24f6f5aa3b0abc9c8ba00c98fae4dc22bc0117188864d4181
  languageName: node
  linkType: hard

"postcss@npm:8.4.14":
  version: 8.4.14
  resolution: "postcss@npm:8.4.14"
  dependencies:
    nanoid: ^3.3.4
    picocolors: ^1.0.0
    source-map-js: ^1.0.2
  checksum: fe58766ff32e4becf65a7d57678995cfd239df6deed2fe0557f038b47c94e4132e7e5f68b5aa820c13adfec32e523b693efaeb65798efb995ce49ccd83953816
  languageName: node
  linkType: hard

"process-nextick-args@npm:~2.0.0":
  version: 2.0.1
  resolution: "process-nextick-args@npm:2.0.1"
  checksum: 1d38588e520dab7cea67cbbe2efdd86a10cc7a074c09657635e34f035277b59fbb57d09d8638346bf7090f8e8ebc070c96fa5fd183b777fff4f5edff5e9466cf
  languageName: node
  linkType: hard

"prr@npm:~1.0.1":
  version: 1.0.1
  resolution: "prr@npm:1.0.1"
  checksum: 3bca2db0479fd38f8c4c9439139b0c42dcaadcc2fbb7bb8e0e6afaa1383457f1d19aea9e5f961d5b080f1cfc05bfa1fe9e45c97a1d3fd6d421950a73d3108381
  languageName: node
  linkType: hard

"react@npm:18.2.0":
  version: 18.2.0
  resolution: "react@npm:18.2.0"
  dependencies:
    loose-envify: ^1.1.0
  checksum: 88e38092da8839b830cda6feef2e8505dec8ace60579e46aa5490fc3dc9bba0bd50336507dc166f43e3afc1c42939c09fe33b25fae889d6f402721dcd78fca1b
  languageName: node
  linkType: hard

"readable-stream@npm:^2.0.1":
  version: 2.3.7
  resolution: "readable-stream@npm:2.3.7"
  dependencies:
    core-util-is: ~1.0.0
    inherits: ~2.0.3
    isarray: ~1.0.0
    process-nextick-args: ~2.0.0
    safe-buffer: ~5.1.1
    string_decoder: ~1.1.1
    util-deprecate: ~1.0.1
  checksum: e4920cf7549a60f8aaf694d483a0e61b2a878b969d224f89b3bc788b8d920075132c4b55a7494ee944c7b6a9a0eada28a7f6220d80b0312ece70bbf08eeca755
  languageName: node
  linkType: hard

"safe-buffer@npm:~5.1.0, safe-buffer@npm:~5.1.1":
  version: 5.1.2
  resolution: "safe-buffer@npm:5.1.2"
  checksum: f2f1f7943ca44a594893a852894055cf619c1fbcb611237fc39e461ae751187e7baf4dc391a72125e0ac4fb2d8c5c0b3c71529622e6a58f46b960211e704903c
  languageName: node
  linkType: hard

"semver@npm:^7.3.4":
  version: 7.3.4
  resolution: "semver@npm:7.3.4"
  dependencies:
    lru-cache: ^6.0.0
  bin:
    semver: bin/semver.js
  checksum: 96451bfd7cba9b60ee87571959dc47e87c95b2fe58a9312a926340fee9907fc7bc062c352efdaf5bb24b2dff59c145e14faf7eb9d718a84b4751312531b39f43
  languageName: node
  linkType: hard

"source-map-js@npm:^1.0.2":
  version: 1.0.2
  resolution: "source-map-js@npm:1.0.2"
  checksum: c049a7fc4deb9a7e9b481ae3d424cc793cb4845daa690bc5a05d428bf41bf231ced49b4cf0c9e77f9d42fdb3d20d6187619fc586605f5eabe995a316da8d377c
  languageName: node
  linkType: hard

"string_decoder@npm:~1.1.1":
  version: 1.1.1
  resolution: "string_decoder@npm:1.1.1"
  dependencies:
    safe-buffer: ~5.1.0
  checksum: 9ab7e56f9d60a28f2be697419917c50cac19f3e8e6c28ef26ed5f4852289fe0de5d6997d29becf59028556f2c62983790c1d9ba1e2a3cc401768ca12d5183a5b
  languageName: node
  linkType: hard

"styled-jsx@npm:5.1.0":
  version: 5.1.0
  resolution: "styled-jsx@npm:5.1.0"
  dependencies:
    client-only: 0.0.1
  peerDependencies:
    react: ">= 16.8.0 || 17.x.x || ^18.0.0-0"
  peerDependenciesMeta:
    "@babel/core":
      optional: true
    babel-plugin-macros:
      optional: true
  checksum: e5b70476fd9059147dfe35dd912e537e422a7f900cc88f80456c97da495c655598875d64de2199641d627770a7e55ed08be0fd82646bc386791fdb1d0e5af2b1
  languageName: node
  linkType: hard

"supports-color@npm:^7.1.0":
  version: 7.2.0
  resolution: "supports-color@npm:7.2.0"
  dependencies:
    has-flag: ^4.0.0
  checksum: 3dda818de06ebbe5b9653e07842d9479f3555ebc77e9a0280caf5a14fb877ffee9ed57007c3b78f5a6324b8dbeec648d9e97a24e2ed9fdb81ddc69ea07100f4a
  languageName: node
  linkType: hard

"tapable@npm:^1.0.0":
  version: 1.1.3
  resolution: "tapable@npm:1.1.3"
  checksum: 53ff4e7c3900051c38cc4faab428ebfd7e6ad0841af5a7ac6d5f3045c5b50e88497bfa8295b4b3fbcadd94993c9e358868b78b9fb249a76cb8b018ac8dccafd7
  languageName: node
  linkType: hard

"to-regex-range@npm:^5.0.1":
  version: 5.0.1
  resolution: "to-regex-range@npm:5.0.1"
  dependencies:
    is-number: ^7.0.0
  checksum: f76fa01b3d5be85db6a2a143e24df9f60dd047d151062d0ba3df62953f2f697b16fe5dad9b0ac6191c7efc7b1d9dcaa4b768174b7b29da89d4428e64bc0a20ed
  languageName: node
  linkType: hard

"ts-loader@npm:^8.0.18":
  version: 8.0.18
  resolution: "ts-loader@npm:8.0.18"
  dependencies:
    chalk: ^4.1.0
    enhanced-resolve: ^4.0.0
    loader-utils: ^2.0.0
    micromatch: ^4.0.0
    semver: ^7.3.4
  peerDependencies:
    typescript: "*"
    webpack: "*"
  checksum: 186a6d17cf89cc8d5283eaa17aa733f7fd88909ec68777fc71db13192097921d71d1e6c01a92077b9ad641ab457b1b703886a07bb616973f255acb5d5b20c677
  languageName: node
  linkType: hard

"tslib@npm:^2.4.0":
  version: 2.4.1
  resolution: "tslib@npm:2.4.1"
  checksum: 19480d6e0313292bd6505d4efe096a6b31c70e21cf08b5febf4da62e95c265c8f571f7b36fcc3d1a17e068032f59c269fab3459d6cd3ed6949eafecf64315fca
  languageName: node
  linkType: hard

"typescript@npm:4.9.3":
  version: 4.9.3
  resolution: "typescript@npm:4.9.3"
  bin:
    tsc: bin/tsc
    tsserver: bin/tsserver
  checksum: 17b8f816050b412403e38d48eef0e893deb6be522d6dc7caf105e54a72e34daf6835c447735fd2b28b66784e72bfbf87f627abb4818a8e43d1fa8106396128dc
  languageName: node
  linkType: hard

"typescript@patch:typescript@4.9.3#~builtin<compat/typescript>":
  version: 4.9.3
  resolution: "typescript@patch:typescript@npm%3A4.9.3#~builtin<compat/typescript>::version=4.9.3&hash=a66ed4"
  bin:
    tsc: bin/tsc
    tsserver: bin/tsserver
  checksum: d7bdcf5e18193f709339540d69577f7b0389000265db2bf10edfaa67336a29d6bcbee11828084150f7fdd110d605794cfa6df33bebc0a2e33daad2dbe2a7a59f
  languageName: node
  linkType: hard

"use-sync-external-store@npm:1.2.0":
  version: 1.2.0
  resolution: "use-sync-external-store@npm:1.2.0"
  peerDependencies:
    react: ^16.8.0 || ^17.0.0 || ^18.0.0
  checksum: 5c639e0f8da3521d605f59ce5be9e094ca772bd44a4ce7322b055a6f58eeed8dda3c94cabd90c7a41fb6fa852210092008afe48f7038792fd47501f33299116a
  languageName: node
  linkType: hard

"util-deprecate@npm:~1.0.1":
  version: 1.0.2
  resolution: "util-deprecate@npm:1.0.2"
  checksum: 474acf1146cb2701fe3b074892217553dfcf9a031280919ba1b8d651a068c9b15d863b7303cb15bd00a862b498e6cf4ad7b4a08fb134edd5a6f7641681cb54a2
  languageName: node
  linkType: hard

"yallist@npm:^4.0.0":
  version: 4.0.0
  resolution: "yallist@npm:4.0.0"
  checksum: 343617202af32df2a15a3be36a5a8c0c8545208f3d3dfbc6bb7c3e3b7e8c6f8e7485432e4f3b88da3031a6e20afa7c711eded32ddfb122896ac5d914e75848d5
  languageName: node
  linkType: hard
